
Microsoft Visual Studio Solution File, Format Version 11.00
# Visual Studio 2010
Project("{FAE04EC0-301F-11D3-BF4B-00C04F79EFBC}") = "LabyrinthRPG", "Assembly-CSharp.csproj", "{D3668149-CF56-F263-2E6E-E3BC6FC78E8D}"
EndProject
Project("{FAE04EC0-301F-11D3-BF4B-00C04F79EFBC}") = "LabyrinthRPG", "Assembly-CSharp-Editor.csproj", "{6153EAF4-1F84-50A4-F53E-0F73A2A5D9A0}"
EndProject
Global
	GlobalSection(SolutionConfigurationPlatforms) = preSolution
		Debug|Any CPU = Debug|Any CPU
		Release|Any CPU = Release|Any CPU
	EndGlobalSection
	GlobalSection(ProjectConfigurationPlatforms) = postSolution
		{D3668149-CF56-F263-2E6E-E3BC6FC78E8D}.Debug|Any CPU.ActiveCfg = Debug|Any CPU
		{D3668149-CF56-F263-2E6E-E3BC6FC78E8D}.Debug|Any CPU.Build.0 = Debug|Any CPU
		{D3668149-CF56-F263-2E6E-E3BC6FC78E8D}.Release|Any CPU.ActiveCfg = Release|Any CPU
		{D3668149-CF56-F263-2E6E-E3BC6FC78E8D}.Release|Any CPU.Build.0 = Release|Any CPU
		{6153EAF4-1F84-50A4-F53E-0F73A2A5D9A0}.Debug|Any CPU.ActiveCfg = Debug|Any CPU
		{6153EAF4-1F84-50A4-F53E-0F73A2A5D9A0}.Debug|Any CPU.Build.0 = Debug|Any CPU
		{6153EAF4-1F84-50A4-F53E-0F73A2A5D9A0}.Release|Any CPU.ActiveCfg = Release|Any CPU
		{6153EAF4-1F84-50A4-F53E-0F73A2A5D9A0}.Release|Any CPU.Build.0 = Release|Any CPU
	EndGlobalSection
	GlobalSection(SolutionProperties) = preSolution
		HideSolutionNode = FALSE
	EndGlobalSection
	GlobalSection(MonoDevelopProperties) = preSolution
		StartupItem = Assembly-CSharp.csproj
	EndGlobalSection
EndGlobal
